Microsoft Visual Studio Solution File, Format Version 12.00
# Visual Studio Version 17
VisualStudioVersion = 17.0.31511.36
MinimumVisualStudioVersion = 10.0.40219.1
Project("{9A19103F-16F7-4668-BE54-9A1E7A4F7556}") = "Root", "Root\Root.csproj", "{CD55AF11-0948-4539-9372-5AEF7B470A93}"
EndProject
Project("{9A19103F-16F7-4668-BE54-9A1E7A4F7556}") = "Lib0001", "Lib0001\Lib0001.csproj", "{4ACEDA16-BECF-4BF5-A5AE-E1A4DD6B95CB}"
EndProject
Project("{9A19103F-16F7-4668-BE54-9A1E7A4F7556}") = "Lib0002", "Lib0002\Lib0002.csproj", "{D0854238-3FEB-4F0C-B157-0450EA4F1DA3}"
EndProject
Project("{9A19103F-16F7-4668-BE54-9A1E7A4F7556}") = "Lib0003", "Lib0003\Lib0003.csproj", "{C9C925AF-5C00-43F8-ADE8-7933B9D07739}"
EndProject
Project("{9A19103F-16F7-4668-BE54-9A1E7A4F7556}") = "Lib0004", "Lib0004\Lib0004.csproj", "{16326C2A-40DD-453E-96CE-D6AB6D33C343}"
EndProject
Project("{9A19103F-16F7-4668-BE54-9A1E7A4F7556}") = "Lib0005", "Lib0005\Lib0005.csproj", "{8EA31757-8B4E-4818-A72B-B7279F72CEA6}"
EndProject
Project("{9A19103F-16F7-4668-BE54-9A1E7A4F7556}") = "Lib0006", "Lib0006\Lib0006.csproj", "{2A489748-A975-430E-85E9-CD185072EE43}"
EndProject
Project("{9A19103F-16F7-4668-BE54-9A1E7A4F7556}") = "Lib0007", "Lib0007\Lib0007.csproj", "{248AA0AD-E24A-4E12-ACFF-C7BE2D66CD34}"
EndProject
Project("{9A19103F-16F7-4668-BE54-9A1E7A4F7556}") = "Lib0008", "Lib0008\Lib0008.csproj", "{9F42C4F4-FD32-4566-BA0B-DEC666ABBF26}"
EndProject
Project("{9A19103F-16F7-4668-BE54-9A1E7A4F7556}") = "Lib0009", "Lib0009\Lib0009.csproj", "{3FD2E02D-5D4F-416A-A053-C095325B84F3}"
EndProject
Project("{9A19103F-16F7-4668-BE54-9A1E7A4F7556}") = "Lib0010", "Lib0010\Lib0010.csproj", "{F7BE13D3-3061-4E7B-A1FA-C472C544194F}"
EndProject
Project("{9A19103F-16F7-4668-BE54-9A1E7A4F7556}") = "Lib0011", "Lib0011\Lib0011.csproj", "{AB8E886F-D61A-4450-993C-F7A6496A0985}"
EndProject
Project("{9A19103F-16F7-4668-BE54-9A1E7A4F7556}") = "Lib0012", "Lib0012\Lib0012.csproj", "{101BFA26-05AD-47A4-97BA-EE1613962477}"
EndProject
Project("{9A19103F-16F7-4668-BE54-9A1E7A4F7556}") = "Lib0013", "Lib0013\Lib0013.csproj", "{17499D47-2CC7-464F-98C5-37AD315AE41B}"
EndProject
Project("{9A19103F-16F7-4668-BE54-9A1E7A4F7556}") = "Lib0014", "Lib0014\Lib0014.csproj", "{EC924B8A-EDC4-4F20-8A61-010FD0F8E0EF}"
EndProject
Project("{9A19103F-16F7-4668-BE54-9A1E7A4F7556}") = "Lib0015", "Lib0015\Lib0015.csproj", "{F07CEC6A-895A-4110-8675-3748025B7C6C}"
EndProject
Project("{9A19103F-16F7-4668-BE54-9A1E7A4F7556}") = "Lib0016", "Lib0016\Lib0016.csproj", "{814FC9FF-8B91-4428-9B64-E2599FAB1A7F}"
EndProject
Project("{9A19103F-16F7-4668-BE54-9A1E7A4F7556}") = "Lib0017", "Lib0017\Lib0017.csproj", "{42811668-CB8E-46A5-B4C2-44CD950D109C}"
EndProject
Project("{9A19103F-16F7-4668-BE54-9A1E7A4F7556}") = "Lib0018", "Lib0018\Lib0018.csproj", "{2F83556A-E6B9-407F-9DE7-3C7F8DDA627F}"
EndProject
Project("{9A19103F-16F7-4668-BE54-9A1E7A4F7556}") = "Lib0019", "Lib0019\Lib0019.csproj", "{E54A22E0-7A10-44BA-B38B-B4A35BAF2BC8}"
EndProject
Project("{9A19103F-16F7-4668-BE54-9A1E7A4F7556}") = "Lib0020", "Lib0020\Lib0020.csproj", "{1751B34A-7D0D-462B-A783-1B96EC1D88E3}"
EndProject
Project("{9A19103F-16F7-4668-BE54-9A1E7A4F7556}") = "Lib0021", "Lib0021\Lib0021.csproj", "{6620F808-981E-40BE-8544-1E77A39137F2}"
EndProject
Project("{9A19103F-16F7-4668-BE54-9A1E7A4F7556}") = "Lib0022", "Lib0022\Lib0022.csproj", "{332B4F50-B021-498D-A53D-59507270909C}"
EndProject
Project("{9A19103F-16F7-4668-BE54-9A1E7A4F7556}") = "Lib0023", "Lib0023\Lib0023.csproj", "{307E8CD4-6225-46F2-99C5-E8925D29EB88}"
EndProject
Global
	GlobalSection(SolutionConfigurationPlatforms) = preSolution
		Debug|Any CPU = Debug|Any CPU
		Release|Any CPU = Release|Any CPU
	EndGlobalSection
	GlobalSection(ProjectConfigurationPlatforms) = postSolution
		{CD55AF11-0948-4539-9372-5AEF7B470A93}.Debug|Any CPU.ActiveCfg = Debug|Any CPU
		{CD55AF11-0948-4539-9372-5AEF7B470A93}.Debug|Any CPU.Build.0 = Debug|Any CPU
		{CD55AF11-0948-4539-9372-5AEF7B470A93}.Release|Any CPU.ActiveCfg = Release|Any CPU
		{CD55AF11-0948-4539-9372-5AEF7B470A93}.Release|Any CPU.Build.0 = Release|Any CPU
		{4ACEDA16-BECF-4BF5-A5AE-E1A4DD6B95CB}.Debug|Any CPU.ActiveCfg = Debug|Any CPU
		{4ACEDA16-BECF-4BF5-A5AE-E1A4DD6B95CB}.Debug|Any CPU.Build.0 = Debug|Any CPU
		{4ACEDA16-BECF-4BF5-A5AE-E1A4DD6B95CB}.Release|Any CPU.ActiveCfg = Release|Any CPU
		{4ACEDA16-BECF-4BF5-A5AE-E1A4DD6B95CB}.Release|Any CPU.Build.0 = Release|Any CPU
		{D0854238-3FEB-4F0C-B157-0450EA4F1DA3}.Debug|Any CPU.ActiveCfg = Debug|Any CPU
		{D0854238-3FEB-4F0C-B157-0450EA4F1DA3}.Debug|Any CPU.Build.0 = Debug|Any CPU
		{D0854238-3FEB-4F0C-B157-0450EA4F1DA3}.Release|Any CPU.ActiveCfg = Release|Any CPU
		{D0854238-3FEB-4F0C-B157-0450EA4F1DA3}.Release|Any CPU.Build.0 = Release|Any CPU
		{C9C925AF-5C00-43F8-ADE8-7933B9D07739}.Debug|Any CPU.ActiveCfg = Debug|Any CPU
		{C9C925AF-5C00-43F8-ADE8-7933B9D07739}.Debug|Any CPU.Build.0 = Debug|Any CPU
		{C9C925AF-5C00-43F8-ADE8-7933B9D07739}.Release|Any CPU.ActiveCfg = Release|Any CPU
		{C9C925AF-5C00-43F8-ADE8-7933B9D07739}.Release|Any CPU.Build.0 = Release|Any CPU
		{16326C2A-40DD-453E-96CE-D6AB6D33C343}.Debug|Any CPU.ActiveCfg = Debug|Any CPU
		{16326C2A-40DD-453E-96CE-D6AB6D33C343}.Debug|Any CPU.Build.0 = Debug|Any CPU
		{16326C2A-40DD-453E-96CE-D6AB6D33C343}.Release|Any CPU.ActiveCfg = Release|Any CPU
		{16326C2A-40DD-453E-96CE-D6AB6D33C343}.Release|Any CPU.Build.0 = Release|Any CPU
		{8EA31757-8B4E-4818-A72B-B7279F72CEA6}.Debug|Any CPU.ActiveCfg = Debug|Any CPU
		{8EA31757-8B4E-4818-A72B-B7279F72CEA6}.Debug|Any CPU.Build.0 = Debug|Any CPU
		{8EA31757-8B4E-4818-A72B-B7279F72CEA6}.Release|Any CPU.ActiveCfg = Release|Any CPU
		{8EA31757-8B4E-4818-A72B-B7279F72CEA6}.Release|Any CPU.Build.0 = Release|Any CPU
		{2A489748-A975-430E-85E9-CD185072EE43}.Debug|Any CPU.ActiveCfg = Debug|Any CPU
		{2A489748-A975-430E-85E9-CD185072EE43}.Debug|Any CPU.Build.0 = Debug|Any CPU
		{2A489748-A975-430E-85E9-CD185072EE43}.Release|Any CPU.ActiveCfg = Release|Any CPU
		{2A489748-A975-430E-85E9-CD185072EE43}.Release|Any CPU.Build.0 = Release|Any CPU
		{248AA0AD-E24A-4E12-ACFF-C7BE2D66CD34}.Debug|Any CPU.ActiveCfg = Debug|Any CPU
		{248AA0AD-E24A-4E12-ACFF-C7BE2D66CD34}.Debug|Any CPU.Build.0 = Debug|Any CPU
		{248AA0AD-E24A-4E12-ACFF-C7BE2D66CD34}.Release|Any CPU.ActiveCfg = Release|Any CPU
		{248AA0AD-E24A-4E12-ACFF-C7BE2D66CD34}.Release|Any CPU.Build.0 = Release|Any CPU
		{9F42C4F4-FD32-4566-BA0B-DEC666ABBF26}.Debug|Any CPU.ActiveCfg = Debug|Any CPU
		{9F42C4F4-FD32-4566-BA0B-DEC666ABBF26}.Debug|Any CPU.Build.0 = Debug|Any CPU
		{9F42C4F4-FD32-4566-BA0B-DEC666ABBF26}.Release|Any CPU.ActiveCfg = Release|Any CPU
		{9F42C4F4-FD32-4566-BA0B-DEC666ABBF26}.Release|Any CPU.Build.0 = Release|Any CPU
		{3FD2E02D-5D4F-416A-A053-C095325B84F3}.Debug|Any CPU.ActiveCfg = Debug|Any CPU
		{3FD2E02D-5D4F-416A-A053-C095325B84F3}.Debug|Any CPU.Build.0 = Debug|Any CPU
		{3FD2E02D-5D4F-416A-A053-C095325B84F3}.Release|Any CPU.ActiveCfg = Release|Any CPU
		{3FD2E02D-5D4F-416A-A053-C095325B84F3}.Release|Any CPU.Build.0 = Release|Any CPU
		{F7BE13D3-3061-4E7B-A1FA-C472C544194F}.Debug|Any CPU.ActiveCfg = Debug|Any CPU
		{F7BE13D3-3061-4E7B-A1FA-C472C544194F}.Debug|Any CPU.Build.0 = Debug|Any CPU
		{F7BE13D3-3061-4E7B-A1FA-C472C544194F}.Release|Any CPU.ActiveCfg = Release|Any CPU
		{F7BE13D3-3061-4E7B-A1FA-C472C544194F}.Release|Any CPU.Build.0 = Release|Any CPU
		{AB8E886F-D61A-4450-993C-F7A6496A0985}.Debug|Any CPU.ActiveCfg = Debug|Any CPU
		{AB8E886F-D61A-4450-993C-F7A6496A0985}.Debug|Any CPU.Build.0 = Debug|Any CPU
		{AB8E886F-D61A-4450-993C-F7A6496A0985}.Release|Any CPU.ActiveCfg = Release|Any CPU
		{AB8E886F-D61A-4450-993C-F7A6496A0985}.Release|Any CPU.Build.0 = Release|Any CPU
		{101BFA26-05AD-47A4-97BA-EE1613962477}.Debug|Any CPU.ActiveCfg = Debug|Any CPU
		{101BFA26-05AD-47A4-97BA-EE1613962477}.Debug|Any CPU.Build.0 = Debug|Any CPU
		{101BFA26-05AD-47A4-97BA-EE1613962477}.Release|Any CPU.ActiveCfg = Release|Any CPU
		{101BFA26-05AD-47A4-97BA-EE1613962477}.Release|Any CPU.Build.0 = Release|Any CPU
		{17499D47-2CC7-464F-98C5-37AD315AE41B}.Debug|Any CPU.ActiveCfg = Debug|Any CPU
		{17499D47-2CC7-464F-98C5-37AD315AE41B}.Debug|Any CPU.Build.0 = Debug|Any CPU
		{17499D47-2CC7-464F-98C5-37AD315AE41B}.Release|Any CPU.ActiveCfg = Release|Any CPU
		{17499D47-2CC7-464F-98C5-37AD315AE41B}.Release|Any CPU.Build.0 = Release|Any CPU
		{EC924B8A-EDC4-4F20-8A61-010FD0F8E0EF}.Debug|Any CPU.ActiveCfg = Debug|Any CPU
		{EC924B8A-EDC4-4F20-8A61-010FD0F8E0EF}.Debug|Any CPU.Build.0 = Debug|Any CPU
		{EC924B8A-EDC4-4F20-8A61-010FD0F8E0EF}.Release|Any CPU.ActiveCfg = Release|Any CPU
		{EC924B8A-EDC4-4F20-8A61-010FD0F8E0EF}.Release|Any CPU.Build.0 = Release|Any CPU
		{F07CEC6A-895A-4110-8675-3748025B7C6C}.Debug|Any CPU.ActiveCfg = Debug|Any CPU
		{F07CEC6A-895A-4110-8675-3748025B7C6C}.Debug|Any CPU.Build.0 = Debug|Any CPU
		{F07CEC6A-895A-4110-8675-3748025B7C6C}.Release|Any CPU.ActiveCfg = Release|Any CPU
		{F07CEC6A-895A-4110-8675-3748025B7C6C}.Release|Any CPU.Build.0 = Release|Any CPU
		{814FC9FF-8B91-4428-9B64-E2599FAB1A7F}.Debug|Any CPU.ActiveCfg = Debug|Any CPU
		{814FC9FF-8B91-4428-9B64-E2599FAB1A7F}.Debug|Any CPU.Build.0 = Debug|Any CPU
		{814FC9FF-8B91-4428-9B64-E2599FAB1A7F}.Release|Any CPU.ActiveCfg = Release|Any CPU
		{814FC9FF-8B91-4428-9B64-E2599FAB1A7F}.Release|Any CPU.Build.0 = Release|Any CPU
		{42811668-CB8E-46A5-B4C2-44CD950D109C}.Debug|Any CPU.ActiveCfg = Debug|Any CPU
		{42811668-CB8E-46A5-B4C2-44CD950D109C}.Debug|Any CPU.Build.0 = Debug|Any CPU
		{42811668-CB8E-46A5-B4C2-44CD950D109C}.Release|Any CPU.ActiveCfg = Release|Any CPU
		{42811668-CB8E-46A5-B4C2-44CD950D109C}.Release|Any CPU.Build.0 = Release|Any CPU
		{2F83556A-E6B9-407F-9DE7-3C7F8DDA627F}.Debug|Any CPU.ActiveCfg = Debug|Any CPU
		{2F83556A-E6B9-407F-9DE7-3C7F8DDA627F}.Debug|Any CPU.Build.0 = Debug|Any CPU
		{2F83556A-E6B9-407F-9DE7-3C7F8DDA627F}.Release|Any CPU.ActiveCfg = Release|Any CPU
		{2F83556A-E6B9-407F-9DE7-3C7F8DDA627F}.Release|Any CPU.Build.0 = Release|Any CPU
		{E54A22E0-7A10-44BA-B38B-B4A35BAF2BC8}.Debug|Any CPU.ActiveCfg = Debug|Any CPU
		{E54A22E0-7A10-44BA-B38B-B4A35BAF2BC8}.Debug|Any CPU.Build.0 = Debug|Any CPU
		{E54A22E0-7A10-44BA-B38B-B4A35BAF2BC8}.Release|Any CPU.ActiveCfg = Release|Any CPU
		{E54A22E0-7A10-44BA-B38B-B4A35BAF2BC8}.Release|Any CPU.Build.0 = Release|Any CPU
		{1751B34A-7D0D-462B-A783-1B96EC1D88E3}.Debug|Any CPU.ActiveCfg = Debug|Any CPU
		{1751B34A-7D0D-462B-A783-1B96EC1D88E3}.Debug|Any CPU.Build.0 = Debug|Any CPU
		{1751B34A-7D0D-462B-A783-1B96EC1D88E3}.Release|Any CPU.ActiveCfg = Release|Any CPU
		{1751B34A-7D0D-462B-A783-1B96EC1D88E3}.Release|Any CPU.Build.0 = Release|Any CPU
		{6620F808-981E-40BE-8544-1E77A39137F2}.Debug|Any CPU.ActiveCfg = Debug|Any CPU
		{6620F808-981E-40BE-8544-1E77A39137F2}.Debug|Any CPU.Build.0 = Debug|Any CPU
		{6620F808-981E-40BE-8544-1E77A39137F2}.Release|Any CPU.ActiveCfg = Release|Any CPU
		{6620F808-981E-40BE-8544-1E77A39137F2}.Release|Any CPU.Build.0 = Release|Any CPU
		{332B4F50-B021-498D-A53D-59507270909C}.Debug|Any CPU.ActiveCfg = Debug|Any CPU
		{332B4F50-B021-498D-A53D-59507270909C}.Debug|Any CPU.Build.0 = Debug|Any CPU
		{332B4F50-B021-498D-A53D-59507270909C}.Release|Any CPU.ActiveCfg = Release|Any CPU
		{332B4F50-B021-498D-A53D-59507270909C}.Release|Any CPU.Build.0 = Release|Any CPU
		{307E8CD4-6225-46F2-99C5-E8925D29EB88}.Debug|Any CPU.ActiveCfg = Debug|Any CPU
		{307E8CD4-6225-46F2-99C5-E8925D29EB88}.Debug|Any CPU.Build.0 = Debug|Any CPU
		{307E8CD4-6225-46F2-99C5-E8925D29EB88}.Release|Any CPU.ActiveCfg = Release|Any CPU
		{307E8CD4-6225-46F2-99C5-E8925D29EB88}.Release|Any CPU.Build.0 = Release|Any CPU
	EndGlobalSection
	GlobalSection(SolutionProperties) = preSolution
		HideSolutionNode = FALSE
	EndGlobalSection
	GlobalSection(ExtensibilityGlobals) = postSolution
		SolutionGuid = {6BDBEB69-335F-4C20-9406-059DBD23258C}
	EndGlobalSection
EndGlobal
