Microsoft Visual Studio Solution File, Format Version 12.00
# Visual Studio Version 17
VisualStudioVersion = 17.0.31511.36
MinimumVisualStudioVersion = 10.0.40219.1
Project("{FAE04EC0-301F-11D3-BF4B-00C04F79EFBC}") = "Root", "Root\Root.csproj", "{82CA4C95-345B-4D29-8CEC-8C9A3C87CE36}"
EndProject
Project("{FAE04EC0-301F-11D3-BF4B-00C04F79EFBC}") = "Lib0001", "Lib0001\Lib0001.csproj", "{7C549A8A-B224-4B84-BB25-0943D490B8F8}"
EndProject
Project("{FAE04EC0-301F-11D3-BF4B-00C04F79EFBC}") = "Lib0002", "Lib0002\Lib0002.csproj", "{873E1342-C1DD-4290-8D09-06AA8DE692B5}"
EndProject
Project("{FAE04EC0-301F-11D3-BF4B-00C04F79EFBC}") = "Lib0003", "Lib0003\Lib0003.csproj", "{5ABF6F5B-39A5-461E-8E33-9B310C6EEE61}"
EndProject
Project("{FAE04EC0-301F-11D3-BF4B-00C04F79EFBC}") = "Lib0004", "Lib0004\Lib0004.csproj", "{475137B6-7ADC-4DF9-AC41-BA1D8ADEB535}"
EndProject
Project("{FAE04EC0-301F-11D3-BF4B-00C04F79EFBC}") = "Lib0005", "Lib0005\Lib0005.csproj", "{45D1B0E6-1E6F-48A7-9007-AF9510BF9B8D}"
EndProject
Project("{FAE04EC0-301F-11D3-BF4B-00C04F79EFBC}") = "Lib0006", "Lib0006\Lib0006.csproj", "{F57B13E9-2358-4FDD-B9A2-A503A124DC21}"
EndProject
Project("{FAE04EC0-301F-11D3-BF4B-00C04F79EFBC}") = "Lib0007", "Lib0007\Lib0007.csproj", "{C076B3E3-8CB2-4D83-B6D2-88EEA74DD8FC}"
EndProject
Project("{FAE04EC0-301F-11D3-BF4B-00C04F79EFBC}") = "Lib0008", "Lib0008\Lib0008.csproj", "{3A2799AB-B0C6-41A9-85C5-43E91D298374}"
EndProject
Project("{FAE04EC0-301F-11D3-BF4B-00C04F79EFBC}") = "Lib0009", "Lib0009\Lib0009.csproj", "{9F2DF338-4F65-4188-8A5C-0E25C88BB3E4}"
EndProject
Project("{FAE04EC0-301F-11D3-BF4B-00C04F79EFBC}") = "Lib0010", "Lib0010\Lib0010.csproj", "{C426900E-0D1B-4DD2-A7F0-ADBB62DBB267}"
EndProject
Project("{FAE04EC0-301F-11D3-BF4B-00C04F79EFBC}") = "Lib0011", "Lib0011\Lib0011.csproj", "{BC118DBE-60FE-461B-B0A8-D37102D1AB90}"
EndProject
Project("{FAE04EC0-301F-11D3-BF4B-00C04F79EFBC}") = "Lib0012", "Lib0012\Lib0012.csproj", "{BB3A6700-9BC4-4042-A34A-21674C1248FB}"
EndProject
Project("{FAE04EC0-301F-11D3-BF4B-00C04F79EFBC}") = "Lib0013", "Lib0013\Lib0013.csproj", "{14964CA2-3134-4601-8212-EFEFD46DF433}"
EndProject
Project("{FAE04EC0-301F-11D3-BF4B-00C04F79EFBC}") = "Lib0014", "Lib0014\Lib0014.csproj", "{61ECE269-4678-4CD2-BB10-D8344942292F}"
EndProject
Project("{FAE04EC0-301F-11D3-BF4B-00C04F79EFBC}") = "Lib0015", "Lib0015\Lib0015.csproj", "{BA1112CC-4DE0-4A41-A887-6CCC743BC298}"
EndProject
Project("{FAE04EC0-301F-11D3-BF4B-00C04F79EFBC}") = "Lib0016", "Lib0016\Lib0016.csproj", "{7E3AFFD1-71C2-4C7B-9C81-D6746E02DC7A}"
EndProject
Project("{FAE04EC0-301F-11D3-BF4B-00C04F79EFBC}") = "Lib0017", "Lib0017\Lib0017.csproj", "{3CEDD1A9-4108-428F-9F7F-94FF8F35DF14}"
EndProject
Project("{FAE04EC0-301F-11D3-BF4B-00C04F79EFBC}") = "Lib0018", "Lib0018\Lib0018.csproj", "{EBB897A1-0E85-4C96-AB3B-B3FAEBE05669}"
EndProject
Project("{FAE04EC0-301F-11D3-BF4B-00C04F79EFBC}") = "Lib0019", "Lib0019\Lib0019.csproj", "{720FE185-FE41-4C3A-9B5F-0F312B30D22E}"
EndProject
Project("{FAE04EC0-301F-11D3-BF4B-00C04F79EFBC}") = "Lib0020", "Lib0020\Lib0020.csproj", "{97705EB5-9BAC-4631-B7FA-DA682B46A7A6}"
EndProject
Project("{FAE04EC0-301F-11D3-BF4B-00C04F79EFBC}") = "Lib0021", "Lib0021\Lib0021.csproj", "{95E5E136-C2A4-42B3-A339-8824F8BFA0CB}"
EndProject
Project("{FAE04EC0-301F-11D3-BF4B-00C04F79EFBC}") = "Lib0022", "Lib0022\Lib0022.csproj", "{70A080BD-6290-442F-B222-D1788DFF79FB}"
EndProject
Project("{FAE04EC0-301F-11D3-BF4B-00C04F79EFBC}") = "Lib0023", "Lib0023\Lib0023.csproj", "{3DBF882A-B059-4026-B04F-6412DF5CE2FA}"
EndProject
Project("{FAE04EC0-301F-11D3-BF4B-00C04F79EFBC}") = "Lib0024", "Lib0024\Lib0024.csproj", "{FFA9215E-048B-4EBC-85F3-D5B889807AC1}"
EndProject
Global
	GlobalSection(SolutionConfigurationPlatforms) = preSolution
		Debug|Any CPU = Debug|Any CPU
		Release|Any CPU = Release|Any CPU
	EndGlobalSection
	GlobalSection(ProjectConfigurationPlatforms) = postSolution
		{82CA4C95-345B-4D29-8CEC-8C9A3C87CE36}.Debug|Any CPU.ActiveCfg = Debug|Any CPU
		{82CA4C95-345B-4D29-8CEC-8C9A3C87CE36}.Debug|Any CPU.Build.0 = Debug|Any CPU
		{82CA4C95-345B-4D29-8CEC-8C9A3C87CE36}.Release|Any CPU.ActiveCfg = Release|Any CPU
		{82CA4C95-345B-4D29-8CEC-8C9A3C87CE36}.Release|Any CPU.Build.0 = Release|Any CPU
		{7C549A8A-B224-4B84-BB25-0943D490B8F8}.Debug|Any CPU.ActiveCfg = Debug|Any CPU
		{7C549A8A-B224-4B84-BB25-0943D490B8F8}.Debug|Any CPU.Build.0 = Debug|Any CPU
		{7C549A8A-B224-4B84-BB25-0943D490B8F8}.Release|Any CPU.ActiveCfg = Release|Any CPU
		{7C549A8A-B224-4B84-BB25-0943D490B8F8}.Release|Any CPU.Build.0 = Release|Any CPU
		{873E1342-C1DD-4290-8D09-06AA8DE692B5}.Debug|Any CPU.ActiveCfg = Debug|Any CPU
		{873E1342-C1DD-4290-8D09-06AA8DE692B5}.Debug|Any CPU.Build.0 = Debug|Any CPU
		{873E1342-C1DD-4290-8D09-06AA8DE692B5}.Release|Any CPU.ActiveCfg = Release|Any CPU
		{873E1342-C1DD-4290-8D09-06AA8DE692B5}.Release|Any CPU.Build.0 = Release|Any CPU
		{5ABF6F5B-39A5-461E-8E33-9B310C6EEE61}.Debug|Any CPU.ActiveCfg = Debug|Any CPU
		{5ABF6F5B-39A5-461E-8E33-9B310C6EEE61}.Debug|Any CPU.Build.0 = Debug|Any CPU
		{5ABF6F5B-39A5-461E-8E33-9B310C6EEE61}.Release|Any CPU.ActiveCfg = Release|Any CPU
		{5ABF6F5B-39A5-461E-8E33-9B310C6EEE61}.Release|Any CPU.Build.0 = Release|Any CPU
		{475137B6-7ADC-4DF9-AC41-BA1D8ADEB535}.Debug|Any CPU.ActiveCfg = Debug|Any CPU
		{475137B6-7ADC-4DF9-AC41-BA1D8ADEB535}.Debug|Any CPU.Build.0 = Debug|Any CPU
		{475137B6-7ADC-4DF9-AC41-BA1D8ADEB535}.Release|Any CPU.ActiveCfg = Release|Any CPU
		{475137B6-7ADC-4DF9-AC41-BA1D8ADEB535}.Release|Any CPU.Build.0 = Release|Any CPU
		{45D1B0E6-1E6F-48A7-9007-AF9510BF9B8D}.Debug|Any CPU.ActiveCfg = Debug|Any CPU
		{45D1B0E6-1E6F-48A7-9007-AF9510BF9B8D}.Debug|Any CPU.Build.0 = Debug|Any CPU
		{45D1B0E6-1E6F-48A7-9007-AF9510BF9B8D}.Release|Any CPU.ActiveCfg = Release|Any CPU
		{45D1B0E6-1E6F-48A7-9007-AF9510BF9B8D}.Release|Any CPU.Build.0 = Release|Any CPU
		{F57B13E9-2358-4FDD-B9A2-A503A124DC21}.Debug|Any CPU.ActiveCfg = Debug|Any CPU
		{F57B13E9-2358-4FDD-B9A2-A503A124DC21}.Debug|Any CPU.Build.0 = Debug|Any CPU
		{F57B13E9-2358-4FDD-B9A2-A503A124DC21}.Release|Any CPU.ActiveCfg = Release|Any CPU
		{F57B13E9-2358-4FDD-B9A2-A503A124DC21}.Release|Any CPU.Build.0 = Release|Any CPU
		{C076B3E3-8CB2-4D83-B6D2-88EEA74DD8FC}.Debug|Any CPU.ActiveCfg = Debug|Any CPU
		{C076B3E3-8CB2-4D83-B6D2-88EEA74DD8FC}.Debug|Any CPU.Build.0 = Debug|Any CPU
		{C076B3E3-8CB2-4D83-B6D2-88EEA74DD8FC}.Release|Any CPU.ActiveCfg = Release|Any CPU
		{C076B3E3-8CB2-4D83-B6D2-88EEA74DD8FC}.Release|Any CPU.Build.0 = Release|Any CPU
		{3A2799AB-B0C6-41A9-85C5-43E91D298374}.Debug|Any CPU.ActiveCfg = Debug|Any CPU
		{3A2799AB-B0C6-41A9-85C5-43E91D298374}.Debug|Any CPU.Build.0 = Debug|Any CPU
		{3A2799AB-B0C6-41A9-85C5-43E91D298374}.Release|Any CPU.ActiveCfg = Release|Any CPU
		{3A2799AB-B0C6-41A9-85C5-43E91D298374}.Release|Any CPU.Build.0 = Release|Any CPU
		{9F2DF338-4F65-4188-8A5C-0E25C88BB3E4}.Debug|Any CPU.ActiveCfg = Debug|Any CPU
		{9F2DF338-4F65-4188-8A5C-0E25C88BB3E4}.Debug|Any CPU.Build.0 = Debug|Any CPU
		{9F2DF338-4F65-4188-8A5C-0E25C88BB3E4}.Release|Any CPU.ActiveCfg = Release|Any CPU
		{9F2DF338-4F65-4188-8A5C-0E25C88BB3E4}.Release|Any CPU.Build.0 = Release|Any CPU
		{C426900E-0D1B-4DD2-A7F0-ADBB62DBB267}.Debug|Any CPU.ActiveCfg = Debug|Any CPU
		{C426900E-0D1B-4DD2-A7F0-ADBB62DBB267}.Debug|Any CPU.Build.0 = Debug|Any CPU
		{C426900E-0D1B-4DD2-A7F0-ADBB62DBB267}.Release|Any CPU.ActiveCfg = Release|Any CPU
		{C426900E-0D1B-4DD2-A7F0-ADBB62DBB267}.Release|Any CPU.Build.0 = Release|Any CPU
		{BC118DBE-60FE-461B-B0A8-D37102D1AB90}.Debug|Any CPU.ActiveCfg = Debug|Any CPU
		{BC118DBE-60FE-461B-B0A8-D37102D1AB90}.Debug|Any CPU.Build.0 = Debug|Any CPU
		{BC118DBE-60FE-461B-B0A8-D37102D1AB90}.Release|Any CPU.ActiveCfg = Release|Any CPU
		{BC118DBE-60FE-461B-B0A8-D37102D1AB90}.Release|Any CPU.Build.0 = Release|Any CPU
		{BB3A6700-9BC4-4042-A34A-21674C1248FB}.Debug|Any CPU.ActiveCfg = Debug|Any CPU
		{BB3A6700-9BC4-4042-A34A-21674C1248FB}.Debug|Any CPU.Build.0 = Debug|Any CPU
		{BB3A6700-9BC4-4042-A34A-21674C1248FB}.Release|Any CPU.ActiveCfg = Release|Any CPU
		{BB3A6700-9BC4-4042-A34A-21674C1248FB}.Release|Any CPU.Build.0 = Release|Any CPU
		{14964CA2-3134-4601-8212-EFEFD46DF433}.Debug|Any CPU.ActiveCfg = Debug|Any CPU
		{14964CA2-3134-4601-8212-EFEFD46DF433}.Debug|Any CPU.Build.0 = Debug|Any CPU
		{14964CA2-3134-4601-8212-EFEFD46DF433}.Release|Any CPU.ActiveCfg = Release|Any CPU
		{14964CA2-3134-4601-8212-EFEFD46DF433}.Release|Any CPU.Build.0 = Release|Any CPU
		{61ECE269-4678-4CD2-BB10-D8344942292F}.Debug|Any CPU.ActiveCfg = Debug|Any CPU
		{61ECE269-4678-4CD2-BB10-D8344942292F}.Debug|Any CPU.Build.0 = Debug|Any CPU
		{61ECE269-4678-4CD2-BB10-D8344942292F}.Release|Any CPU.ActiveCfg = Release|Any CPU
		{61ECE269-4678-4CD2-BB10-D8344942292F}.Release|Any CPU.Build.0 = Release|Any CPU
		{BA1112CC-4DE0-4A41-A887-6CCC743BC298}.Debug|Any CPU.ActiveCfg = Debug|Any CPU
		{BA1112CC-4DE0-4A41-A887-6CCC743BC298}.Debug|Any CPU.Build.0 = Debug|Any CPU
		{BA1112CC-4DE0-4A41-A887-6CCC743BC298}.Release|Any CPU.ActiveCfg = Release|Any CPU
		{BA1112CC-4DE0-4A41-A887-6CCC743BC298}.Release|Any CPU.Build.0 = Release|Any CPU
		{7E3AFFD1-71C2-4C7B-9C81-D6746E02DC7A}.Debug|Any CPU.ActiveCfg = Debug|Any CPU
		{7E3AFFD1-71C2-4C7B-9C81-D6746E02DC7A}.Debug|Any CPU.Build.0 = Debug|Any CPU
		{7E3AFFD1-71C2-4C7B-9C81-D6746E02DC7A}.Release|Any CPU.ActiveCfg = Release|Any CPU
		{7E3AFFD1-71C2-4C7B-9C81-D6746E02DC7A}.Release|Any CPU.Build.0 = Release|Any CPU
		{3CEDD1A9-4108-428F-9F7F-94FF8F35DF14}.Debug|Any CPU.ActiveCfg = Debug|Any CPU
		{3CEDD1A9-4108-428F-9F7F-94FF8F35DF14}.Debug|Any CPU.Build.0 = Debug|Any CPU
		{3CEDD1A9-4108-428F-9F7F-94FF8F35DF14}.Release|Any CPU.ActiveCfg = Release|Any CPU
		{3CEDD1A9-4108-428F-9F7F-94FF8F35DF14}.Release|Any CPU.Build.0 = Release|Any CPU
		{EBB897A1-0E85-4C96-AB3B-B3FAEBE05669}.Debug|Any CPU.ActiveCfg = Debug|Any CPU
		{EBB897A1-0E85-4C96-AB3B-B3FAEBE05669}.Debug|Any CPU.Build.0 = Debug|Any CPU
		{EBB897A1-0E85-4C96-AB3B-B3FAEBE05669}.Release|Any CPU.ActiveCfg = Release|Any CPU
		{EBB897A1-0E85-4C96-AB3B-B3FAEBE05669}.Release|Any CPU.Build.0 = Release|Any CPU
		{720FE185-FE41-4C3A-9B5F-0F312B30D22E}.Debug|Any CPU.ActiveCfg = Debug|Any CPU
		{720FE185-FE41-4C3A-9B5F-0F312B30D22E}.Debug|Any CPU.Build.0 = Debug|Any CPU
		{720FE185-FE41-4C3A-9B5F-0F312B30D22E}.Release|Any CPU.ActiveCfg = Release|Any CPU
		{720FE185-FE41-4C3A-9B5F-0F312B30D22E}.Release|Any CPU.Build.0 = Release|Any CPU
		{97705EB5-9BAC-4631-B7FA-DA682B46A7A6}.Debug|Any CPU.ActiveCfg = Debug|Any CPU
		{97705EB5-9BAC-4631-B7FA-DA682B46A7A6}.Debug|Any CPU.Build.0 = Debug|Any CPU
		{97705EB5-9BAC-4631-B7FA-DA682B46A7A6}.Release|Any CPU.ActiveCfg = Release|Any CPU
		{97705EB5-9BAC-4631-B7FA-DA682B46A7A6}.Release|Any CPU.Build.0 = Release|Any CPU
		{95E5E136-C2A4-42B3-A339-8824F8BFA0CB}.Debug|Any CPU.ActiveCfg = Debug|Any CPU
		{95E5E136-C2A4-42B3-A339-8824F8BFA0CB}.Debug|Any CPU.Build.0 = Debug|Any CPU
		{95E5E136-C2A4-42B3-A339-8824F8BFA0CB}.Release|Any CPU.ActiveCfg = Release|Any CPU
		{95E5E136-C2A4-42B3-A339-8824F8BFA0CB}.Release|Any CPU.Build.0 = Release|Any CPU
		{70A080BD-6290-442F-B222-D1788DFF79FB}.Debug|Any CPU.ActiveCfg = Debug|Any CPU
		{70A080BD-6290-442F-B222-D1788DFF79FB}.Debug|Any CPU.Build.0 = Debug|Any CPU
		{70A080BD-6290-442F-B222-D1788DFF79FB}.Release|Any CPU.ActiveCfg = Release|Any CPU
		{70A080BD-6290-442F-B222-D1788DFF79FB}.Release|Any CPU.Build.0 = Release|Any CPU
		{3DBF882A-B059-4026-B04F-6412DF5CE2FA}.Debug|Any CPU.ActiveCfg = Debug|Any CPU
		{3DBF882A-B059-4026-B04F-6412DF5CE2FA}.Debug|Any CPU.Build.0 = Debug|Any CPU
		{3DBF882A-B059-4026-B04F-6412DF5CE2FA}.Release|Any CPU.ActiveCfg = Release|Any CPU
		{3DBF882A-B059-4026-B04F-6412DF5CE2FA}.Release|Any CPU.Build.0 = Release|Any CPU
		{FFA9215E-048B-4EBC-85F3-D5B889807AC1}.Debug|Any CPU.ActiveCfg = Debug|Any CPU
		{FFA9215E-048B-4EBC-85F3-D5B889807AC1}.Debug|Any CPU.Build.0 = Debug|Any CPU
		{FFA9215E-048B-4EBC-85F3-D5B889807AC1}.Release|Any CPU.ActiveCfg = Release|Any CPU
		{FFA9215E-048B-4EBC-85F3-D5B889807AC1}.Release|Any CPU.Build.0 = Release|Any CPU
	EndGlobalSection
	GlobalSection(SolutionProperties) = preSolution
		HideSolutionNode = FALSE
	EndGlobalSection
	GlobalSection(ExtensibilityGlobals) = postSolution
		SolutionGuid = {1B3AE202-5E1C-4C61-9E87-CEF9088D207B}
	EndGlobalSection
EndGlobal
